
Microsoft Visual Studio Solution File, Format Version 12.00
# Visual Studio Version 17
VisualStudioVersion = 17.2.32616.157
MinimumVisualStudioVersion = 10.0.40219.1
Project("{FAE04EC0-301F-11D3-BF4B-00C04F79EFBC}") = "ApiTeste1", "ApiTeste1\ApiTeste1.csproj", "{D71959B9-BFD3-4113-85EF-CCADB8E93E6E}"
EndProject
Global
	GlobalSection(SolutionConfigurationPlatforms) = preSolution
		Debug|Any CPU = Debug|Any CPU
		Release|Any CPU = Release|Any CPU
	EndGlobalSection
	GlobalSection(ProjectConfigurationPlatforms) = postSolution
		{D71959B9-BFD3-4113-85EF-CCADB8E93E6E}.Debug|Any CPU.ActiveCfg = Debug|Any CPU
		{D71959B9-BFD3-4113-85EF-CCADB8E93E6E}.Debug|Any CPU.Build.0 = Debug|Any CPU
		{D71959B9-BFD3-4113-85EF-CCADB8E93E6E}.Release|Any CPU.ActiveCfg = Release|Any CPU
		{D71959B9-BFD3-4113-85EF-CCADB8E93E6E}.Release|Any CPU.Build.0 = Release|Any CPU
	EndGlobalSection
	GlobalSection(SolutionProperties) = preSolution
		HideSolutionNode = FALSE
	EndGlobalSection
	GlobalSection(ExtensibilityGlobals) = postSolution
		SolutionGuid = {53AFAB83-AD93-4825-BD8E-EA14A0FFBE95}
	EndGlobalSection
EndGlobal
